
Microsoft Visual Studio Solution File, Format Version 12.00
# Visual Studio 15
VisualStudioVersion = 15.0.28307.421
MinimumVisualStudioVersion = 10.0.40219.1
Project("{FAE04EC0-301F-11D3-BF4B-00C04F79EFBC}") = "Task3", "Task3\Task3.csproj", "{EC3172AE-9179-4755-8D87-D53B6E6C2C37}"
EndProject
Global
	GlobalSection(SolutionConfigurationPlatforms) = preSolution
		Debug|Any CPU = Debug|Any CPU
		Release|Any CPU = Release|Any CPU
	EndGlobalSection
	GlobalSection(ProjectConfigurationPlatforms) = postSolution
		{EC3172AE-9179-4755-8D87-D53B6E6C2C37}.Debug|Any CPU.ActiveCfg = Debug|Any CPU
		{EC3172AE-9179-4755-8D87-D53B6E6C2C37}.Debug|Any CPU.Build.0 = Debug|Any CPU
		{EC3172AE-9179-4755-8D87-D53B6E6C2C37}.Release|Any CPU.ActiveCfg = Release|Any CPU
		{EC3172AE-9179-4755-8D87-D53B6E6C2C37}.Release|Any CPU.Build.0 = Release|Any CPU
	EndGlobalSection
	GlobalSection(SolutionProperties) = preSolution
		HideSolutionNode = FALSE
	EndGlobalSection
	GlobalSection(ExtensibilityGlobals) = postSolution
		SolutionGuid = {0519B07E-938A-441D-9B2A-7BDBF66EAA12}
	EndGlobalSection
EndGlobal
